
Microsoft Visual Studio Solution File, Format Version 12.00
# Visual Studio Version 16
VisualStudioVersion = 16.0.31515.178
MinimumVisualStudioVersion = 10.0.40219.1
Project("{FAE04EC0-301F-11D3-BF4B-00C04F79EFBC}") = "TokenBasedAuthAPI", "TokenBasedAuthAPI\TokenBasedAuthAPI.csproj", "{EED74405-BF2D-4B5D-988F-1B812954D5B2}"
EndProject
Global
	GlobalSection(SolutionConfigurationPlatforms) = preSolution
		Debug|Any CPU = Debug|Any CPU
		Release|Any CPU = Release|Any CPU
	EndGlobalSection
	GlobalSection(ProjectConfigurationPlatforms) = postSolution
		{EED74405-BF2D-4B5D-988F-1B812954D5B2}.Debug|Any CPU.ActiveCfg = Debug|Any CPU
		{EED74405-BF2D-4B5D-988F-1B812954D5B2}.Debug|Any CPU.Build.0 = Debug|Any CPU
		{EED74405-BF2D-4B5D-988F-1B812954D5B2}.Release|Any CPU.ActiveCfg = Release|Any CPU
		{EED74405-BF2D-4B5D-988F-1B812954D5B2}.Release|Any CPU.Build.0 = Release|Any CPU
	EndGlobalSection
	GlobalSection(SolutionProperties) = preSolution
		HideSolutionNode = FALSE
	EndGlobalSection
	GlobalSection(ExtensibilityGlobals) = postSolution
		SolutionGuid = {8520125B-B600-4B37-87EA-D559F515B687}
	EndGlobalSection
EndGlobal
